
Microsoft Visual Studio Solution File, Format Version 12.00
# Visual Studio 15
VisualStudioVersion = 15.0.28307.421
MinimumVisualStudioVersion = 10.0.40219.1
Project("{9A19103F-16F7-4668-BE54-9A1E7A4F7556}") = "ChainOfResponsibility", "ChainOfResponsibility\ChainOfResponsibility.csproj", "{F16B8054-AE64-497E-805F-DA8B9D1D1B18}"
EndProject
Project("{9A19103F-16F7-4668-BE54-9A1E7A4F7556}") = "Command", "Command\Command.csproj", "{2DB2F736-2676-4CE9-BFC9-E84E30A7C07F}"
EndProject
Project("{9A19103F-16F7-4668-BE54-9A1E7A4F7556}") = "Iterator", "Iterator\Iterator.csproj", "{15F07AB7-58F3-498F-82D8-572070934777}"
EndProject
Project("{9A19103F-16F7-4668-BE54-9A1E7A4F7556}") = "Mediator(based on Teplyakov book)", "Mediator\Mediator(based on Teplyakov book).csproj", "{638BD37E-3973-417B-9D5B-BD3490F3A01B}"
EndProject
Project("{FAE04EC0-301F-11D3-BF4B-00C04F79EFBC}") = "Memento", "Memento\Memento.csproj", "{EFCF0FEB-743D-4FD6-9872-A79FD6E7FA7F}"
EndProject
Global
	GlobalSection(SolutionConfigurationPlatforms) = preSolution
		Debug|Any CPU = Debug|Any CPU
		Release|Any CPU = Release|Any CPU
	EndGlobalSection
	GlobalSection(ProjectConfigurationPlatforms) = postSolution
		{F16B8054-AE64-497E-805F-DA8B9D1D1B18}.Debug|Any CPU.ActiveCfg = Debug|Any CPU
		{F16B8054-AE64-497E-805F-DA8B9D1D1B18}.Debug|Any CPU.Build.0 = Debug|Any CPU
		{F16B8054-AE64-497E-805F-DA8B9D1D1B18}.Release|Any CPU.ActiveCfg = Release|Any CPU
		{F16B8054-AE64-497E-805F-DA8B9D1D1B18}.Release|Any CPU.Build.0 = Release|Any CPU
		{2DB2F736-2676-4CE9-BFC9-E84E30A7C07F}.Debug|Any CPU.ActiveCfg = Debug|Any CPU
		{2DB2F736-2676-4CE9-BFC9-E84E30A7C07F}.Debug|Any CPU.Build.0 = Debug|Any CPU
		{2DB2F736-2676-4CE9-BFC9-E84E30A7C07F}.Release|Any CPU.ActiveCfg = Release|Any CPU
		{2DB2F736-2676-4CE9-BFC9-E84E30A7C07F}.Release|Any CPU.Build.0 = Release|Any CPU
		{15F07AB7-58F3-498F-82D8-572070934777}.Debug|Any CPU.ActiveCfg = Debug|Any CPU
		{15F07AB7-58F3-498F-82D8-572070934777}.Debug|Any CPU.Build.0 = Debug|Any CPU
		{15F07AB7-58F3-498F-82D8-572070934777}.Release|Any CPU.ActiveCfg = Release|Any CPU
		{15F07AB7-58F3-498F-82D8-572070934777}.Release|Any CPU.Build.0 = Release|Any CPU
		{638BD37E-3973-417B-9D5B-BD3490F3A01B}.Debug|Any CPU.ActiveCfg = Debug|Any CPU
		{638BD37E-3973-417B-9D5B-BD3490F3A01B}.Debug|Any CPU.Build.0 = Debug|Any CPU
		{638BD37E-3973-417B-9D5B-BD3490F3A01B}.Release|Any CPU.ActiveCfg = Release|Any CPU
		{638BD37E-3973-417B-9D5B-BD3490F3A01B}.Release|Any CPU.Build.0 = Release|Any CPU
		{EFCF0FEB-743D-4FD6-9872-A79FD6E7FA7F}.Debug|Any CPU.ActiveCfg = Debug|Any CPU
		{EFCF0FEB-743D-4FD6-9872-A79FD6E7FA7F}.Debug|Any CPU.Build.0 = Debug|Any CPU
		{EFCF0FEB-743D-4FD6-9872-A79FD6E7FA7F}.Release|Any CPU.ActiveCfg = Release|Any CPU
		{EFCF0FEB-743D-4FD6-9872-A79FD6E7FA7F}.Release|Any CPU.Build.0 = Release|Any CPU
	EndGlobalSection
	GlobalSection(SolutionProperties) = preSolution
		HideSolutionNode = FALSE
	EndGlobalSection
	GlobalSection(ExtensibilityGlobals) = postSolution
		SolutionGuid = {94CC7681-75C1-46B3-AA0A-CC527FA6C15A}
	EndGlobalSection
EndGlobal
